
Microsoft Visual Studio Solution File, Format Version 12.00
# Visual Studio Version 17
VisualStudioVersion = 17.6.33712.159
MinimumVisualStudioVersion = 10.0.40219.1
Project("{FAE04EC0-301F-11D3-BF4B-00C04F79EFBC}") = "Q3", "Q3\Q3.csproj", "{3F3A831B-BFE9-4534-AFDC-3BEE59BEAF6C}"
EndProject
Global
	GlobalSection(SolutionConfigurationPlatforms) = preSolution
		Debug|Any CPU = Debug|Any CPU
		Release|Any CPU = Release|Any CPU
	EndGlobalSection
	GlobalSection(ProjectConfigurationPlatforms) = postSolution
		{3F3A831B-BFE9-4534-AFDC-3BEE59BEAF6C}.Debug|Any CPU.ActiveCfg = Debug|Any CPU
		{3F3A831B-BFE9-4534-AFDC-3BEE59BEAF6C}.Debug|Any CPU.Build.0 = Debug|Any CPU
		{3F3A831B-BFE9-4534-AFDC-3BEE59BEAF6C}.Release|Any CPU.ActiveCfg = Release|Any CPU
		{3F3A831B-BFE9-4534-AFDC-3BEE59BEAF6C}.Release|Any CPU.Build.0 = Release|Any CPU
	EndGlobalSection
	GlobalSection(SolutionProperties) = preSolution
		HideSolutionNode = FALSE
	EndGlobalSection
	GlobalSection(ExtensibilityGlobals) = postSolution
		SolutionGuid = {34A6DDAE-0708-44BD-8B2A-12D9C02716D9}
	EndGlobalSection
EndGlobal
